lockfileVersion: '9.0'

settings:
  autoInstallPeers: true
  excludeLinksFromLockfile: false

importers:

  .:
    dependencies:
      '@capacitor/core':
        specifier: ^8.0.0
        version: 8.3.4
    devDependencies:
      typescript:
        specifier: ^5.7.3
        version: 5.9.3

packages:

  '@capacitor/core@8.3.4':
    resolution: {integrity: sha512-CqRQCkb6HXxcx/N7s+hHTN6ef2CmamFiRMITwm4qB840ph56mS42bzUgn6tKCP+RZjdDweiRHj9ytDDeN6jFag==}

  tslib@2.8.1:
    resolution: {integrity: sha512-oJFu94HQb+KVduSUQL7wnpmqnfmLsOA/nAh6b6EH0wCEoK0/mPeXU6c3wKDV83MkOuHPRHtSXKKU99IBazS/2w==}

  typescript@5.9.3:
    resolution: {integrity: sha512-jl1vZzPDinLr9eUt3J/t7V6FgNEw9QjvBPdysz9KfQDD41fQrC2Y4vKQdiaUpFT4bXlb1RHhLpp8wtm6M5TgSw==}
    engines: {node: '>=14.17'}
    hasBin: true

snapshots:

  '@capacitor/core@8.3.4':
    dependencies:
      tslib: 2.8.1

  tslib@2.8.1: {}

  typescript@5.9.3: {}
